// !$*UTF8*$!
{
	archiveVersion = 1;
	classes = {
	};
	objectVersion = 73;
	objects = {

/* Begin PBXBuildFile section */
		558EB7752CA88A7200C066A7 /* main.cpp in Sources */ = {isa = PBXBuildFile; fileRef = 558EB7622CA88A7200C066A7 /* main.cpp */; };
		558EB7762CA88A7200C066A7 /* ShaderProgram.cpp in Sources */ = {isa = PBXBuildFile; fileRef = 558EB7642CA88A7200C066A7 /* ShaderProgram.cpp */; };
		55F0E7402C8D6BFB0002EEDB /* Cocoa.framework in Frameworks */ = {isa = PBXBuildFile; fileRef = 55F0E73F2C8D6BFB0002EEDB /* Cocoa.framework */; };
		55F0E7422C8D6C020002EEDB /* OpenGL.framework in Frameworks */ = {isa = PBXBuildFile; fileRef = 55F0E7412C8D6C020002EEDB /* OpenGL.framework */; };
		55F0E7462C8D6C130002EEDB /* SDL2_mixer.framework in Frameworks */ = {isa = PBXBuildFile; fileRef = 55F0E7432C8D6C130002EEDB /* SDL2_mixer.framework */; };
		55F0E7472C8D6C130002EEDB /* SDL2.framework in Frameworks */ = {isa = PBXBuildFile; fileRef = 55F0E7442C8D6C130002EEDB /* SDL2.framework */; };
		55F0E7482C8D6C130002EEDB /* SDL2_image.framework in Frameworks */ = {isa = PBXBuildFile; fileRef = 55F0E7452C8D6C130002EEDB /* SDL2_image.framework */; };
/* End PBXBuildFile section */

/* Begin PBXCopyFilesBuildPhase section */
		55F0E72A2C8D6B050002EEDB /* Copy Files */ = {
			isa = PBXCopyFilesBuildPhase;
			buildActionMask = 2147483647;
			dstPath = "";
			dstSubfolderSpec = 6;
			files = (
			);
			name = "Copy Files";
			runOnlyForDeploymentPostprocessing = 1;
		};
/* End PBXCopyFilesBuildPhase section */

/* Begin PBXFileReference section */
		558EB7622CA88A7200C066A7 /* main.cpp */ = {isa = PBXFileReference; lastKnownFileType = sourcecode.cpp.cpp; path = main.cpp; sourceTree = "<group>"; };
		558EB7632CA88A7200C066A7 /* ShaderProgram.h */ = {isa = PBXFileReference; lastKnownFileType = sourcecode.c.h; path = ShaderProgram.h; sourceTree = "<group>"; };
		558EB7642CA88A7200C066A7 /* ShaderProgram.cpp */ = {isa = PBXFileReference; lastKnownFileType = sourcecode.cpp.cpp; path = ShaderProgram.cpp; sourceTree = "<group>"; };
		558EB76A2CA88A7200C066A7 /* stb_image.h */ = {isa = PBXFileReference; lastKnownFileType = sourcecode.c.h; path = stb_image.h; sourceTree = "<group>"; };
		55F0E72C2C8D6B050002EEDB /* Simple 2D Scene */ = {isa = PBXFileReference; explicitFileType = "compiled.mach-o.executable"; includeInIndex = 0; path = "Simple 2D Scene"; sourceTree = BUILT_PRODUCTS_DIR; };
		55F0E73F2C8D6BFB0002EEDB /* Cocoa.framework */ = {isa = PBXFileReference; lastKnownFileType = wrapper.framework; name = Cocoa.framework; path = System/Library/Frameworks/Cocoa.framework; sourceTree = SDKROOT; };
		55F0E7412C8D6C020002EEDB /* OpenGL.framework */ = {isa = PBXFileReference; lastKnownFileType = wrapper.framework; name = OpenGL.framework; path = System/Library/Frameworks/OpenGL.framework; sourceTree = SDKROOT; };
		55F0E7432C8D6C130002EEDB /* SDL2_mixer.framework */ = {isa = PBXFileReference; lastKnownFileType = wrapper.framework; name = SDL2_mixer.framework; path = ../../../../../../../../Library/Frameworks/SDL2_mixer.framework; sourceTree = "<group>"; };
		55F0E7442C8D6C130002EEDB /* SDL2.framework */ = {isa = PBXFileReference; lastKnownFileType = wrapper.framework; name = SDL2.framework; path = ../../../../../../../../Library/Frameworks/SDL2.framework; sourceTree = "<group>"; };
		55F0E7452C8D6C130002EEDB /* SDL2_image.framework */ = {isa = PBXFileReference; lastKnownFileType = wrapper.framework; name = SDL2_image.framework; path = ../../../../../../../../Library/Frameworks/SDL2_image.framework; sourceTree = "<group>"; };
/* End PBXFileReference section */

/* Begin PBXFileSystemSynchronizedBuildFileExceptionSet section */
		558EB7772CA88AFE00C066A7 /* PBXFileSystemSynchronizedBuildFileExceptionSet */ = {
			isa = PBXFileSystemSynchronizedBuildFileExceptionSet;
			membershipExceptions = (
				detail/glm.cpp,
			);
			target = 55F0E72B2C8D6B050002EEDB /* Simple 2D Scene */;
		};
/* End PBXFileSystemSynchronizedBuildFileExceptionSet section */

/* Begin PBXFileSystemSynchronizedGroupBuildPhaseMembershipExceptionSet section */
		558EB7792CA89C3E00C066A7 /* PBXFileSystemSynchronizedGroupBuildPhaseMembershipExceptionSet */ = {
			isa = PBXFileSystemSynchronizedGroupBuildPhaseMembershipExceptionSet;
			buildPhase = 55F0E7282C8D6B050002EEDB /* Sources */;
			membershipExceptions = (
				Patrick.png,
				Spongebob1.PNG,
			);
		};
/* End PBXFileSystemSynchronizedGroupBuildPhaseMembershipExceptionSet section */

/* Begin PBXFileSystemSynchronizedRootGroup section */
		558EB7612CA88A7200C066A7 /* glm */ = {isa = PBXFileSystemSynchronizedRootGroup; exceptions = (558EB7772CA88AFE00C066A7 /* PBXFileSystemSynchronizedBuildFileExceptionSet */, ); explicitFileTypes = {}; explicitFolders = (); path = glm; sourceTree = "<group>"; };
		558EB7692CA88A7200C066A7 /* shaders */ = {isa = PBXFileSystemSynchronizedRootGroup; explicitFileTypes = {}; explicitFolders = (); path = shaders; sourceTree = "<group>"; };
		558EB7732CA88A7200C066A7 /* textures */ = {isa = PBXFileSystemSynchronizedRootGroup; exceptions = (558EB7792CA89C3E00C066A7 /* PBXFileSystemSynchronizedGroupBuildPhaseMembershipExceptionSet */, ); explicitFileTypes = {}; explicitFolders = (); path = textures; sourceTree = "<group>"; };
/* End PBXFileSystemSynchronizedRootGroup section */

/* Begin PBXFrameworksBuildPhase section */
		55F0E7292C8D6B050002EEDB /* Frameworks */ = {
			isa = PBXFrameworksBuildPhase;
			buildActionMask = 2147483647;
			files = (
				55F0E7462C8D6C130002EEDB /* SDL2_mixer.framework in Frameworks */,
				55F0E7472C8D6C130002EEDB /* SDL2.framework in Frameworks */,
				55F0E7482C8D6C130002EEDB /* SDL2_image.framework in Frameworks */,
				55F0E7422C8D6C020002EEDB /* OpenGL.framework in Frameworks */,
				55F0E7402C8D6BFB0002EEDB /* Cocoa.framework in Frameworks */,
			);
			runOnlyForDeploymentPostprocessing = 0;
		};
/* End PBXFrameworksBuildPhase section */

/* Begin PBXGroup section */
		55F0E7232C8D6B050002EEDB = {
			isa = PBXGroup;
			children = (
				55F0E72E2C8D6B050002EEDB /* Simple 2D Scene */,
				55F0E72D2C8D6B050002EEDB /* Products */,
				55F0E73E2C8D6BFB0002EEDB /* Frameworks */,
			);
			sourceTree = "<group>";
		};
		55F0E72D2C8D6B050002EEDB /* Products */ = {
			isa = PBXGroup;
			children = (
				55F0E72C2C8D6B050002EEDB /* Simple 2D Scene */,
			);
			name = Products;
			sourceTree = "<group>";
		};
		55F0E72E2C8D6B050002EEDB /* Simple 2D Scene */ = {
			isa = PBXGroup;
			children = (
				558EB7612CA88A7200C066A7 /* glm */,
				558EB7622CA88A7200C066A7 /* main.cpp */,
				558EB7632CA88A7200C066A7 /* ShaderProgram.h */,
				558EB7642CA88A7200C066A7 /* ShaderProgram.cpp */,
				558EB7692CA88A7200C066A7 /* shaders */,
				558EB76A2CA88A7200C066A7 /* stb_image.h */,
				558EB7732CA88A7200C066A7 /* textures */,
			);
			path = "Simple 2D Scene";
			sourceTree = "<group>";
		};
		55F0E73E2C8D6BFB0002EEDB /* Frameworks */ = {
			isa = PBXGroup;
			children = (
				55F0E7452C8D6C130002EEDB /* SDL2_image.framework */,
				55F0E7432C8D6C130002EEDB /* SDL2_mixer.framework */,
				55F0E7442C8D6C130002EEDB /* SDL2.framework */,
				55F0E7412C8D6C020002EEDB /* OpenGL.framework */,
				55F0E73F2C8D6BFB0002EEDB /* Cocoa.framework */,
			);
			name = Frameworks;
			sourceTree = "<group>";
		};
/* End PBXGroup section */

/* Begin PBXNativeTarget section */
		55F0E72B2C8D6B050002EEDB /* Simple 2D Scene */ = {
			isa = PBXNativeTarget;
			buildConfigurationList = 55F0E7332C8D6B050002EEDB /* Build configuration list for PBXNativeTarget "Simple 2D Scene" */;
			buildPhases = (
				55F0E7282C8D6B050002EEDB /* Sources */,
				55F0E7292C8D6B050002EEDB /* Frameworks */,
				55F0E72A2C8D6B050002EEDB /* Copy Files */,
			);
			buildRules = (
			);
			dependencies = (
			);
			fileSystemSynchronizedGroups = (
				558EB7612CA88A7200C066A7 /* glm */,
				558EB7692CA88A7200C066A7 /* shaders */,
				558EB7732CA88A7200C066A7 /* textures */,
			);
			name = "Simple 2D Scene";
			productName = "Simple 2D Scene";
			productReference = 55F0E72C2C8D6B050002EEDB /* Simple 2D Scene */;
			productType = "com.apple.product-type.tool";
		};
/* End PBXNativeTarget section */

/* Begin PBXProject section */
		55F0E7242C8D6B050002EEDB /* Project object */ = {
			isa = PBXProject;
			attributes = {
				BuildIndependentTargetsInParallel = 1;
				LastUpgradeCheck = 1540;
				TargetAttributes = {
					55F0E72B2C8D6B050002EEDB = {
						CreatedOnToolsVersion = 15.4;
					};
				};
			};
			buildConfigurationList = 55F0E7272C8D6B050002EEDB /* Build configuration list for PBXProject "Simple 2D Scene" */;
			developmentRegion = en;
			hasScannedForEncodings = 0;
			knownRegions = (
				en,
				Base,
			);
			mainGroup = 55F0E7232C8D6B050002EEDB;
			preferredProjectObjectVersion = 55;
			productRefGroup = 55F0E72D2C8D6B050002EEDB /* Products */;
			projectDirPath = "";
			projectRoot = "";
			targets = (
				55F0E72B2C8D6B050002EEDB /* Simple 2D Scene */,
			);
		};
/* End PBXProject section */

/* Begin PBXSourcesBuildPhase section */
		55F0E7282C8D6B050002EEDB /* Sources */ = {
			isa = PBXSourcesBuildPhase;
			buildActionMask = 2147483647;
			files = (
				558EB7752CA88A7200C066A7 /* main.cpp in Sources */,
				558EB7762CA88A7200C066A7 /* ShaderProgram.cpp in Sources */,
			);
			runOnlyForDeploymentPostprocessing = 0;
		};
/* End PBXSourcesBuildPhase section */

/* Begin XCBuildConfiguration section */
		55F0E7312C8D6B050002EEDB /* Debug */ = {
			isa = XCBuildConfiguration;
			buildSettings = {
				ALWAYS_SEARCH_USER_PATHS = NO;
				ASSETCATALOG_COMPILER_GENERATE_SWIFT_ASSET_SYMBOL_EXTENSIONS = YES;
				CLANG_ANALYZER_NONNULL = YES;
				CLANG_ANALYZER_NUMBER_OBJECT_CONVERSION = YES_AGGRESSIVE;
				CLANG_CXX_LANGUAGE_STANDARD = "gnu++20";
				CLANG_ENABLE_MODULES = YES;
				CLANG_ENABLE_OBJC_ARC = YES;
				CLANG_ENABLE_OBJC_WEAK = YES;
				CLANG_WARN_BLOCK_CAPTURE_AUTORELEASING = YES;
				CLANG_WARN_BOOL_CONVERSION = YES;
				CLANG_WARN_COMMA = YES;
				CLANG_WARN_CONSTANT_CONVERSION = YES;
				CLANG_WARN_DEPRECATED_OBJC_IMPLEMENTATIONS = YES;
				CLANG_WARN_DIRECT_OBJC_ISA_USAGE = YES_ERROR;
				CLANG_WARN_DOCUMENTATION_COMMENTS = YES;
				CLANG_WARN_EMPTY_BODY = YES;
				CLANG_WARN_ENUM_CONVERSION = YES;
				CLANG_WARN_INFINITE_RECURSION = YES;
				CLANG_WARN_INT_CONVERSION = YES;
				CLANG_WARN_NON_LITERAL_NULL_CONVERSION = YES;
				CLANG_WARN_OBJC_IMPLICIT_RETAIN_SELF = YES;
				CLANG_WARN_OBJC_LITERAL_CONVERSION = YES;
				CLANG_WARN_OBJC_ROOT_CLASS = YES_ERROR;
				CLANG_WARN_QUOTED_INCLUDE_IN_FRAMEWORK_HEADER = YES;
				CLANG_WARN_RANGE_LOOP_ANALYSIS = YES;
				CLANG_WARN_STRICT_PROTOTYPES = YES;
				CLANG_WARN_SUSPICIOUS_MOVE = YES;
				CLANG_WARN_UNGUARDED_AVAILABILITY = YES_AGGRESSIVE;
				CLANG_WARN_UNREACHABLE_CODE = YES;
				CLANG_WARN__DUPLICATE_METHOD_MATCH = YES;
				COPY_PHASE_STRIP = NO;
				DEBUG_INFORMATION_FORMAT = dwarf;
				ENABLE_STRICT_OBJC_MSGSEND = YES;
				ENABLE_TESTABILITY = YES;
				ENABLE_USER_SCRIPT_SANDBOXING = YES;
				EXCLUDED_ARCHS = "";
				GCC_C_LANGUAGE_STANDARD = gnu17;
				GCC_DYNAMIC_NO_PIC = NO;
				GCC_NO_COMMON_BLOCKS = YES;
				GCC_OPTIMIZATION_LEVEL = 0;
				GCC_PREPROCESSOR_DEFINITIONS = (
					"DEBUG=1",
					"$(inherited)",
				);
				GCC_WARN_64_TO_32_BIT_CONVERSION = YES;
				GCC_WARN_ABOUT_RETURN_TYPE = YES_ERROR;
				GCC_WARN_UNDECLARED_SELECTOR = YES;
				GCC_WARN_UNINITIALIZED_AUTOS = YES_AGGRESSIVE;
				GCC_WARN_UNUSED_FUNCTION = YES;
				GCC_WARN_UNUSED_VARIABLE = YES;
				LOCALIZATION_PREFERS_STRING_CATALOGS = YES;
				MACOSX_DEPLOYMENT_TARGET = 14.5;
				MTL_ENABLE_DEBUG_INFO = INCLUDE_SOURCE;
				MTL_FAST_MATH = YES;
				ONLY_ACTIVE_ARCH = YES;
				SDKROOT = macosx;
			};
			name = Debug;
		};
		55F0E7322C8D6B050002EEDB /* Release */ = {
			isa = XCBuildConfiguration;
			buildSettings = {
				ALWAYS_SEARCH_USER_PATHS = NO;
				ASSETCATALOG_COMPILER_GENERATE_SWIFT_ASSET_SYMBOL_EXTENSIONS = YES;
				CLANG_ANALYZER_NONNULL = YES;
				CLANG_ANALYZER_NUMBER_OBJECT_CONVERSION = YES_AGGRESSIVE;
				CLANG_CXX_LANGUAGE_STANDARD = "gnu++20";
				CLANG_ENABLE_MODULES = YES;
				CLANG_ENABLE_OBJC_ARC = YES;
				CLANG_ENABLE_OBJC_WEAK = YES;
				CLANG_WARN_BLOCK_CAPTURE_AUTORELEASING = YES;
				CLANG_WARN_BOOL_CONVERSION = YES;
				CLANG_WARN_COMMA = YES;
				CLANG_WARN_CONSTANT_CONVERSION = YES;
				CLANG_WARN_DEPRECATED_OBJC_IMPLEMENTATIONS = YES;
				CLANG_WARN_DIRECT_OBJC_ISA_USAGE = YES_ERROR;
				CLANG_WARN_DOCUMENTATION_COMMENTS = YES;
				CLANG_WARN_EMPTY_BODY = YES;
				CLANG_WARN_ENUM_CONVERSION = YES;
				CLANG_WARN_INFINITE_RECURSION = YES;
				CLANG_WARN_INT_CONVERSION = YES;
				CLANG_WARN_NON_LITERAL_NULL_CONVERSION = YES;
				CLANG_WARN_OBJC_IMPLICIT_RETAIN_SELF = YES;
				CLANG_WARN_OBJC_LITERAL_CONVERSION = YES;
				CLANG_WARN_OBJC_ROOT_CLASS = YES_ERROR;
				CLANG_WARN_QUOTED_INCLUDE_IN_FRAMEWORK_HEADER = YES;
				CLANG_WARN_RANGE_LOOP_ANALYSIS = YES;
				CLANG_WARN_STRICT_PROTOTYPES = YES;
				CLANG_WARN_SUSPICIOUS_MOVE = YES;
				CLANG_WARN_UNGUARDED_AVAILABILITY = YES_AGGRESSIVE;
				CLANG_WARN_UNREACHABLE_CODE = YES;
				CLANG_WARN__DUPLICATE_METHOD_MATCH = YES;
				COPY_PHASE_STRIP = NO;
				DEBUG_INFORMATION_FORMAT = "dwarf-with-dsym";
				ENABLE_NS_ASSERTIONS = NO;
				ENABLE_STRICT_OBJC_MSGSEND = YES;
				ENABLE_USER_SCRIPT_SANDBOXING = YES;
				EXCLUDED_ARCHS = "";
				GCC_C_LANGUAGE_STANDARD = gnu17;
				GCC_NO_COMMON_BLOCKS = YES;
				GCC_WARN_64_TO_32_BIT_CONVERSION = YES;
				GCC_WARN_ABOUT_RETURN_TYPE = YES_ERROR;
				GCC_WARN_UNDECLARED_SELECTOR = YES;
				GCC_WARN_UNINITIALIZED_AUTOS = YES_AGGRESSIVE;
				GCC_WARN_UNUSED_FUNCTION = YES;
				GCC_WARN_UNUSED_VARIABLE = YES;
				LOCALIZATION_PREFERS_STRING_CATALOGS = YES;
				MACOSX_DEPLOYMENT_TARGET = 14.5;
				MTL_ENABLE_DEBUG_INFO = NO;
				MTL_FAST_MATH = YES;
				SDKROOT = macosx;
			};
			name = Release;
		};
		55F0E7342C8D6B050002EEDB /* Debug */ = {
			isa = XCBuildConfiguration;
			buildSettings = {
				CODE_SIGN_STYLE = Automatic;
				EXCLUDED_ARCHS = "";
				FRAMEWORK_SEARCH_PATHS = (
					"$(LOCAL_LIBRARY_DIR)/Frameworks",
					/Library/Frameworks,
				);
				HEADER_SEARCH_PATHS = (
					/Library/Frameworks/SDL2.framework/Versions/A/Headers,
					/Library/Frameworks/SDL2_image.framework/Versions/A/Headers,
				);
				PRODUCT_NAME = "$(TARGET_NAME)";
			};
			name = Debug;
		};
		55F0E7352C8D6B050002EEDB /* Release */ = {
			isa = XCBuildConfiguration;
			buildSettings = {
				CODE_SIGN_STYLE = Automatic;
				EXCLUDED_ARCHS = "";
				FRAMEWORK_SEARCH_PATHS = (
					"$(LOCAL_LIBRARY_DIR)/Frameworks",
					/Library/Frameworks,
				);
				HEADER_SEARCH_PATHS = (
					/Library/Frameworks/SDL2.framework/Versions/A/Headers,
					/Library/Frameworks/SDL2_image.framework/Versions/A/Headers,
				);
				PRODUCT_NAME = "$(TARGET_NAME)";
			};
			name = Release;
		};
/* End XCBuildConfiguration section */

/* Begin XCConfigurationList section */
		55F0E7272C8D6B050002EEDB /* Build configuration list for PBXProject "Simple 2D Scene" */ = {
			isa = XCConfigurationList;
			buildConfigurations = (
				55F0E7312C8D6B050002EEDB /* Debug */,
				55F0E7322C8D6B050002EEDB /* Release */,
			);
			defaultConfigurationIsVisible = 0;
			defaultConfigurationName = Release;
		};
		55F0E7332C8D6B050002EEDB /* Build configuration list for PBXNativeTarget "Simple 2D Scene" */ = {
			isa = XCConfigurationList;
			buildConfigurations = (
				55F0E7342C8D6B050002EEDB /* Debug */,
				55F0E7352C8D6B050002EEDB /* Release */,
			);
			defaultConfigurationIsVisible = 0;
			defaultConfigurationName = Release;
		};
/* End XCConfigurationList section */
	};
	rootObject = 55F0E7242C8D6B050002EEDB /* Project object */;
}
